
Microsoft Visual Studio Solution File, Format Version 12.00
# Visual Studio Version 16
VisualStudioVersion = 16.0.30621.155
MinimumVisualStudioVersion = 10.0.40219.1
Project("{2150E333-8FDC-42A3-9474-1A3956D46DE8}") = "Services", "Services", "{57F87D74-2F28-45F7-BF2E-FEC01989F414}"
EndProject
Project("{2150E333-8FDC-42A3-9474-1A3956D46DE8}") = "Api", "Api", "{39C4428C-C505-4025-B57D-F2B025FAD7A0}"
EndProject
Project("{2150E333-8FDC-42A3-9474-1A3956D46DE8}") = "BuildingBlocks", "BuildingBlocks", "{4CC58E85-8673-4F60-973E-808D8D65E7B9}"
EndProject
Project("{2150E333-8FDC-42A3-9474-1A3956D46DE8}") = "Register", "Register", "{7AABBFCF-1837-412A-88D0-1CB0D5D30CE1}"
EndProject
Project("{2150E333-8FDC-42A3-9474-1A3956D46DE8}") = "Catalog", "Catalog", "{BD99CECB-A367-406F-A281-021488B048F4}"
EndProject
Project("{2150E333-8FDC-42A3-9474-1A3956D46DE8}") = "Core", "Core", "{C7FC1B5D-1A31-41C8-9AD3-0E17BB8C52C6}"
EndProject
Project("{2150E333-8FDC-42A3-9474-1A3956D46DE8}") = "Payment", "Payment", "{3D8F433A-3AD0-4C91-AE11-D233B242F756}"
EndProject
Project("{2150E333-8FDC-42A3-9474-1A3956D46DE8}") = "Sale", "Sale", "{4497561F-EE44-44B5-AD31-77A909E479FA}"
EndProject
Project("{2150E333-8FDC-42A3-9474-1A3956D46DE8}") = "Tax", "Tax", "{C8921251-3C30-436D-9614-87636D6A0D63}"
EndProject
Project("{9A19103F-16F7-4668-BE54-9A1E7A4F7556}") = "PizzaDelicious.Register.Application", "src\PizzaDelicious.Register.Application\PizzaDelicious.Register.Application.csproj", "{E05EAFF2-1CB9-46E2-AB66-5CA9763F7F94}"
EndProject
Project("{9A19103F-16F7-4668-BE54-9A1E7A4F7556}") = "PizzaDelicious.Register.Data", "src\PizzaDelicious.Register.Data\PizzaDelicious.Register.Data.csproj", "{91C56451-C003-4924-B040-77C98507648E}"
EndProject
Project("{9A19103F-16F7-4668-BE54-9A1E7A4F7556}") = "PizzaDelicious.Register.Domain", "src\PizzaDelicious.Register.Domain\PizzaDelicious.Register.Domain.csproj", "{B82214F1-87AF-480D-A1FB-839B2D49D9BD}"
EndProject
Project("{9A19103F-16F7-4668-BE54-9A1E7A4F7556}") = "PizzaDelicious.Api.UI", "src\PizzaDelicious.Api.UI\PizzaDelicious.Api.UI.csproj", "{FB995A88-4FD4-47A7-9E98-D5BA25C083EB}"
EndProject
Project("{9A19103F-16F7-4668-BE54-9A1E7A4F7556}") = "PizzaDelicious.Core", "src\PizzaDelicious.Core\PizzaDelicious.Core.csproj", "{2A25ED3A-1DF6-442A-AA29-7F5F13E95DA6}"
EndProject
Project("{2150E333-8FDC-42A3-9474-1A3956D46DE8}") = "Solution Items", "Solution Items", "{5347283C-BEDE-48A1-B37C-1C151022AA37}"
	ProjectSection(SolutionItems) = preProject
		docker-compose.yml = docker-compose.yml
		Dockerfile = Dockerfile
		Readme.md = Readme.md
	EndProjectSection
EndProject
Project("{9A19103F-16F7-4668-BE54-9A1E7A4F7556}") = "PizzaDelicious.Catalog.Application", "src\PizzaDelicious.Catalog.Application\PizzaDelicious.Catalog.Application.csproj", "{FD37A84F-CFD2-406E-93C7-C20F5F2E025B}"
EndProject
Project("{9A19103F-16F7-4668-BE54-9A1E7A4F7556}") = "PizzaDelicious.Catalog.Data", "src\PizzaDelicious.Catalog.Data\PizzaDelicious.Catalog.Data.csproj", "{37E6EC30-8DD4-4D04-B232-BEF6C23DDF8D}"
EndProject
Project("{9A19103F-16F7-4668-BE54-9A1E7A4F7556}") = "PizzaDelicious.Catalog.Domain", "src\PizzaDelicious.Catalog.Domain\PizzaDelicious.Catalog.Domain.csproj", "{FF900E24-4F2A-4860-AF29-F3CB54FA6597}"
EndProject
Project("{9A19103F-16F7-4668-BE54-9A1E7A4F7556}") = "PizzaDelicious.Sale.Application", "src\PizzaDelicious.Sale.Application\PizzaDelicious.Sale.Application.csproj", "{A8E759A6-9CA2-4D5C-AF88-9900B36B2774}"
EndProject
Project("{9A19103F-16F7-4668-BE54-9A1E7A4F7556}") = "PizzaDelicious.Sale.Data", "src\PizzaDelicious.Sale.Data\PizzaDelicious.Sale.Data.csproj", "{512D8712-19A9-475C-81B9-9E3841D1EF5B}"
EndProject
Project("{9A19103F-16F7-4668-BE54-9A1E7A4F7556}") = "PizzaDelicious.Sale.Domain", "src\PizzaDelicious.Sale.Domain\PizzaDelicious.Sale.Domain.csproj", "{9CBB8841-6A65-4766-B92E-19277D860A45}"
EndProject
Project("{9A19103F-16F7-4668-BE54-9A1E7A4F7556}") = "PizzaDelicious.Payments.AntiCorruption", "src\PizzaDelicious.Payments.AntiCorruption\PizzaDelicious.Payments.AntiCorruption.csproj", "{4C8DC4F0-F29A-4047-821B-B93128C20545}"
EndProject
Project("{9A19103F-16F7-4668-BE54-9A1E7A4F7556}") = "PizzaDelicious.Payments.Business", "src\PizzaDelicious.Payments.Business\PizzaDelicious.Payments.Business.csproj", "{608F1170-F460-40AE-AE7C-25C971842BF0}"
EndProject
Project("{9A19103F-16F7-4668-BE54-9A1E7A4F7556}") = "PizzaDelicious.Payments.Data", "src\PizzaDelicious.Payments.Data\PizzaDelicious.Payments.Data.csproj", "{FF354CDC-26DE-4C9D-BACE-2F2B6A6F4651}"
EndProject
Project("{9A19103F-16F7-4668-BE54-9A1E7A4F7556}") = "EventSourcing", "src\EventSourcing\EventSourcing.csproj", "{3885F378-91A8-48C5-AE37-33BC6FE8F5A5}"
EndProject
Global
	GlobalSection(SolutionConfigurationPlatforms) = preSolution
		Debug|Any CPU = Debug|Any CPU
		Release|Any CPU = Release|Any CPU
	EndGlobalSection
	GlobalSection(ProjectConfigurationPlatforms) = postSolution
		{E05EAFF2-1CB9-46E2-AB66-5CA9763F7F94}.Debug|Any CPU.ActiveCfg = Debug|Any CPU
		{E05EAFF2-1CB9-46E2-AB66-5CA9763F7F94}.Debug|Any CPU.Build.0 = Debug|Any CPU
		{E05EAFF2-1CB9-46E2-AB66-5CA9763F7F94}.Release|Any CPU.ActiveCfg = Release|Any CPU
		{E05EAFF2-1CB9-46E2-AB66-5CA9763F7F94}.Release|Any CPU.Build.0 = Release|Any CPU
		{91C56451-C003-4924-B040-77C98507648E}.Debug|Any CPU.ActiveCfg = Debug|Any CPU
		{91C56451-C003-4924-B040-77C98507648E}.Debug|Any CPU.Build.0 = Debug|Any CPU
		{91C56451-C003-4924-B040-77C98507648E}.Release|Any CPU.ActiveCfg = Release|Any CPU
		{91C56451-C003-4924-B040-77C98507648E}.Release|Any CPU.Build.0 = Release|Any CPU
		{B82214F1-87AF-480D-A1FB-839B2D49D9BD}.Debug|Any CPU.ActiveCfg = Debug|Any CPU
		{B82214F1-87AF-480D-A1FB-839B2D49D9BD}.Debug|Any CPU.Build.0 = Debug|Any CPU
		{B82214F1-87AF-480D-A1FB-839B2D49D9BD}.Release|Any CPU.ActiveCfg = Release|Any CPU
		{B82214F1-87AF-480D-A1FB-839B2D49D9BD}.Release|Any CPU.Build.0 = Release|Any CPU
		{FB995A88-4FD4-47A7-9E98-D5BA25C083EB}.Debug|Any CPU.ActiveCfg = Debug|Any CPU
		{FB995A88-4FD4-47A7-9E98-D5BA25C083EB}.Debug|Any CPU.Build.0 = Debug|Any CPU
		{FB995A88-4FD4-47A7-9E98-D5BA25C083EB}.Release|Any CPU.ActiveCfg = Release|Any CPU
		{FB995A88-4FD4-47A7-9E98-D5BA25C083EB}.Release|Any CPU.Build.0 = Release|Any CPU
		{2A25ED3A-1DF6-442A-AA29-7F5F13E95DA6}.Debug|Any CPU.ActiveCfg = Debug|Any CPU
		{2A25ED3A-1DF6-442A-AA29-7F5F13E95DA6}.Debug|Any CPU.Build.0 = Debug|Any CPU
		{2A25ED3A-1DF6-442A-AA29-7F5F13E95DA6}.Release|Any CPU.ActiveCfg = Release|Any CPU
		{2A25ED3A-1DF6-442A-AA29-7F5F13E95DA6}.Release|Any CPU.Build.0 = Release|Any CPU
		{FD37A84F-CFD2-406E-93C7-C20F5F2E025B}.Debug|Any CPU.ActiveCfg = Debug|Any CPU
		{FD37A84F-CFD2-406E-93C7-C20F5F2E025B}.Debug|Any CPU.Build.0 = Debug|Any CPU
		{FD37A84F-CFD2-406E-93C7-C20F5F2E025B}.Release|Any CPU.ActiveCfg = Release|Any CPU
		{FD37A84F-CFD2-406E-93C7-C20F5F2E025B}.Release|Any CPU.Build.0 = Release|Any CPU
		{37E6EC30-8DD4-4D04-B232-BEF6C23DDF8D}.Debug|Any CPU.ActiveCfg = Debug|Any CPU
		{37E6EC30-8DD4-4D04-B232-BEF6C23DDF8D}.Debug|Any CPU.Build.0 = Debug|Any CPU
		{37E6EC30-8DD4-4D04-B232-BEF6C23DDF8D}.Release|Any CPU.ActiveCfg = Release|Any CPU
		{37E6EC30-8DD4-4D04-B232-BEF6C23DDF8D}.Release|Any CPU.Build.0 = Release|Any CPU
		{FF900E24-4F2A-4860-AF29-F3CB54FA6597}.Debug|Any CPU.ActiveCfg = Debug|Any CPU
		{FF900E24-4F2A-4860-AF29-F3CB54FA6597}.Debug|Any CPU.Build.0 = Debug|Any CPU
		{FF900E24-4F2A-4860-AF29-F3CB54FA6597}.Release|Any CPU.ActiveCfg = Release|Any CPU
		{FF900E24-4F2A-4860-AF29-F3CB54FA6597}.Release|Any CPU.Build.0 = Release|Any CPU
		{A8E759A6-9CA2-4D5C-AF88-9900B36B2774}.Debug|Any CPU.ActiveCfg = Debug|Any CPU
		{A8E759A6-9CA2-4D5C-AF88-9900B36B2774}.Debug|Any CPU.Build.0 = Debug|Any CPU
		{A8E759A6-9CA2-4D5C-AF88-9900B36B2774}.Release|Any CPU.ActiveCfg = Release|Any CPU
		{A8E759A6-9CA2-4D5C-AF88-9900B36B2774}.Release|Any CPU.Build.0 = Release|Any CPU
		{512D8712-19A9-475C-81B9-9E3841D1EF5B}.Debug|Any CPU.ActiveCfg = Debug|Any CPU
		{512D8712-19A9-475C-81B9-9E3841D1EF5B}.Debug|Any CPU.Build.0 = Debug|Any CPU
		{512D8712-19A9-475C-81B9-9E3841D1EF5B}.Release|Any CPU.ActiveCfg = Release|Any CPU
		{512D8712-19A9-475C-81B9-9E3841D1EF5B}.Release|Any CPU.Build.0 = Release|Any CPU
		{9CBB8841-6A65-4766-B92E-19277D860A45}.Debug|Any CPU.ActiveCfg = Debug|Any CPU
		{9CBB8841-6A65-4766-B92E-19277D860A45}.Debug|Any CPU.Build.0 = Debug|Any CPU
		{9CBB8841-6A65-4766-B92E-19277D860A45}.Release|Any CPU.ActiveCfg = Release|Any CPU
		{9CBB8841-6A65-4766-B92E-19277D860A45}.Release|Any CPU.Build.0 = Release|Any CPU
		{4C8DC4F0-F29A-4047-821B-B93128C20545}.Debug|Any CPU.ActiveCfg = Debug|Any CPU
		{4C8DC4F0-F29A-4047-821B-B93128C20545}.Debug|Any CPU.Build.0 = Debug|Any CPU
		{4C8DC4F0-F29A-4047-821B-B93128C20545}.Release|Any CPU.ActiveCfg = Release|Any CPU
		{4C8DC4F0-F29A-4047-821B-B93128C20545}.Release|Any CPU.Build.0 = Release|Any CPU
		{608F1170-F460-40AE-AE7C-25C971842BF0}.Debug|Any CPU.ActiveCfg = Debug|Any CPU
		{608F1170-F460-40AE-AE7C-25C971842BF0}.Debug|Any CPU.Build.0 = Debug|Any CPU
		{608F1170-F460-40AE-AE7C-25C971842BF0}.Release|Any CPU.ActiveCfg = Release|Any CPU
		{608F1170-F460-40AE-AE7C-25C971842BF0}.Release|Any CPU.Build.0 = Release|Any CPU
		{FF354CDC-26DE-4C9D-BACE-2F2B6A6F4651}.Debug|Any CPU.ActiveCfg = Debug|Any CPU
		{FF354CDC-26DE-4C9D-BACE-2F2B6A6F4651}.Debug|Any CPU.Build.0 = Debug|Any CPU
		{FF354CDC-26DE-4C9D-BACE-2F2B6A6F4651}.Release|Any CPU.ActiveCfg = Release|Any CPU
		{FF354CDC-26DE-4C9D-BACE-2F2B6A6F4651}.Release|Any CPU.Build.0 = Release|Any CPU
		{3885F378-91A8-48C5-AE37-33BC6FE8F5A5}.Debug|Any CPU.ActiveCfg = Debug|Any CPU
		{3885F378-91A8-48C5-AE37-33BC6FE8F5A5}.Debug|Any CPU.Build.0 = Debug|Any CPU
		{3885F378-91A8-48C5-AE37-33BC6FE8F5A5}.Release|Any CPU.ActiveCfg = Release|Any CPU
		{3885F378-91A8-48C5-AE37-33BC6FE8F5A5}.Release|Any CPU.Build.0 = Release|Any CPU
	EndGlobalSection
	GlobalSection(SolutionProperties) = preSolution
		HideSolutionNode = FALSE
	EndGlobalSection
	GlobalSection(NestedProjects) = preSolution
		{7AABBFCF-1837-412A-88D0-1CB0D5D30CE1} = {57F87D74-2F28-45F7-BF2E-FEC01989F414}
		{BD99CECB-A367-406F-A281-021488B048F4} = {57F87D74-2F28-45F7-BF2E-FEC01989F414}
		{C7FC1B5D-1A31-41C8-9AD3-0E17BB8C52C6} = {57F87D74-2F28-45F7-BF2E-FEC01989F414}
		{3D8F433A-3AD0-4C91-AE11-D233B242F756} = {57F87D74-2F28-45F7-BF2E-FEC01989F414}
		{4497561F-EE44-44B5-AD31-77A909E479FA} = {57F87D74-2F28-45F7-BF2E-FEC01989F414}
		{C8921251-3C30-436D-9614-87636D6A0D63} = {57F87D74-2F28-45F7-BF2E-FEC01989F414}
		{E05EAFF2-1CB9-46E2-AB66-5CA9763F7F94} = {7AABBFCF-1837-412A-88D0-1CB0D5D30CE1}
		{91C56451-C003-4924-B040-77C98507648E} = {7AABBFCF-1837-412A-88D0-1CB0D5D30CE1}
		{B82214F1-87AF-480D-A1FB-839B2D49D9BD} = {7AABBFCF-1837-412A-88D0-1CB0D5D30CE1}
		{FB995A88-4FD4-47A7-9E98-D5BA25C083EB} = {39C4428C-C505-4025-B57D-F2B025FAD7A0}
		{2A25ED3A-1DF6-442A-AA29-7F5F13E95DA6} = {C7FC1B5D-1A31-41C8-9AD3-0E17BB8C52C6}
		{FD37A84F-CFD2-406E-93C7-C20F5F2E025B} = {BD99CECB-A367-406F-A281-021488B048F4}
		{37E6EC30-8DD4-4D04-B232-BEF6C23DDF8D} = {BD99CECB-A367-406F-A281-021488B048F4}
		{FF900E24-4F2A-4860-AF29-F3CB54FA6597} = {BD99CECB-A367-406F-A281-021488B048F4}
		{A8E759A6-9CA2-4D5C-AF88-9900B36B2774} = {4497561F-EE44-44B5-AD31-77A909E479FA}
		{512D8712-19A9-475C-81B9-9E3841D1EF5B} = {4497561F-EE44-44B5-AD31-77A909E479FA}
		{9CBB8841-6A65-4766-B92E-19277D860A45} = {4497561F-EE44-44B5-AD31-77A909E479FA}
		{4C8DC4F0-F29A-4047-821B-B93128C20545} = {3D8F433A-3AD0-4C91-AE11-D233B242F756}
		{608F1170-F460-40AE-AE7C-25C971842BF0} = {3D8F433A-3AD0-4C91-AE11-D233B242F756}
		{FF354CDC-26DE-4C9D-BACE-2F2B6A6F4651} = {3D8F433A-3AD0-4C91-AE11-D233B242F756}
		{3885F378-91A8-48C5-AE37-33BC6FE8F5A5} = {4CC58E85-8673-4F60-973E-808D8D65E7B9}
	EndGlobalSection
	GlobalSection(ExtensibilityGlobals) = postSolution
		SolutionGuid = {DD2FF7FD-9FF4-48D1-A66A-B1CB93FDB70F}
	EndGlobalSection
EndGlobal
